
Microsoft Visual Studio Solution File, Format Version 12.00
# Visual Studio 15
VisualStudioVersion = 15.0.27004.2006
MinimumVisualStudioVersion = 10.0.40219.1
Project("{FAE04EC0-301F-11D3-BF4B-00C04F79EFBC}") = "AddressMaintenance.ExternalSystem", "AddressMaintenance.ExternalSystem\AddressMaintenance.ExternalSystem.csproj", "{04D667E8-01B2-4F00-B243-3637846C970A}"
EndProject
Project("{FAE04EC0-301F-11D3-BF4B-00C04F79EFBC}") = "AddressMaintenance.Model", "AddressMaintenance.Model\AddressMaintenance.Model.csproj", "{FE3F6868-DE68-49DA-B145-226B011931A8}"
EndProject
Project("{FAE04EC0-301F-11D3-BF4B-00C04F79EFBC}") = "AddressMaintenance.Interfaces", "AddressMaintenance.Interfaces\AddressMaintenance.Interfaces.csproj", "{A00AA7CA-71C5-4A36-B729-42BF39992C67}"
EndProject
Global
	GlobalSection(SolutionConfigurationPlatforms) = preSolution
		Debug|Any CPU = Debug|Any CPU
		Release|Any CPU = Release|Any CPU
	EndGlobalSection
	GlobalSection(ProjectConfigurationPlatforms) = postSolution
		{04D667E8-01B2-4F00-B243-3637846C970A}.Debug|Any CPU.ActiveCfg = Debug|Any CPU
		{04D667E8-01B2-4F00-B243-3637846C970A}.Debug|Any CPU.Build.0 = Debug|Any CPU
		{04D667E8-01B2-4F00-B243-3637846C970A}.Release|Any CPU.ActiveCfg = Release|Any CPU
		{04D667E8-01B2-4F00-B243-3637846C970A}.Release|Any CPU.Build.0 = Release|Any CPU
		{FE3F6868-DE68-49DA-B145-226B011931A8}.Debug|Any CPU.ActiveCfg = Debug|Any CPU
		{FE3F6868-DE68-49DA-B145-226B011931A8}.Debug|Any CPU.Build.0 = Debug|Any CPU
		{FE3F6868-DE68-49DA-B145-226B011931A8}.Release|Any CPU.ActiveCfg = Release|Any CPU
		{FE3F6868-DE68-49DA-B145-226B011931A8}.Release|Any CPU.Build.0 = Release|Any CPU
		{A00AA7CA-71C5-4A36-B729-42BF39992C67}.Debug|Any CPU.ActiveCfg = Debug|Any CPU
		{A00AA7CA-71C5-4A36-B729-42BF39992C67}.Debug|Any CPU.Build.0 = Debug|Any CPU
		{A00AA7CA-71C5-4A36-B729-42BF39992C67}.Release|Any CPU.ActiveCfg = Release|Any CPU
		{A00AA7CA-71C5-4A36-B729-42BF39992C67}.Release|Any CPU.Build.0 = Release|Any CPU
	EndGlobalSection
	GlobalSection(SolutionProperties) = preSolution
		HideSolutionNode = FALSE
	EndGlobalSection
	GlobalSection(ExtensibilityGlobals) = postSolution
		SolutionGuid = {D183C367-AC8E-4C43-8993-9DFE9B0E72B4}
	EndGlobalSection
EndGlobal
